
Microsoft Visual Studio Solution File, Format Version 12.00
# Visual Studio 15
VisualStudioVersion = 15.0.26730.10
MinimumVisualStudioVersion = 10.0.40219.1
Project("{8BC9CEB8-8B4A-11D0-8D11-00A0C91BC942}") = "MainAssignment", "MainAssignment\MainAssignment.vcxproj", "{30B61CB4-75B2-43E4-BC5C-5368041631BF}"
EndProject
Global
	GlobalSection(SolutionConfigurationPlatforms) = preSolution
		Debug|x64 = Debug|x64
		Debug|x86 = Debug|x86
		Release|x64 = Release|x64
		Release|x86 = Release|x86
	EndGlobalSection
	GlobalSection(ProjectConfigurationPlatforms) = postSolution
		{30B61CB4-75B2-43E4-BC5C-5368041631BF}.Debug|x64.ActiveCfg = Debug|x64
		{30B61CB4-75B2-43E4-BC5C-5368041631BF}.Debug|x64.Build.0 = Debug|x64
		{30B61CB4-75B2-43E4-BC5C-5368041631BF}.Debug|x86.ActiveCfg = Debug|Win32
		{30B61CB4-75B2-43E4-BC5C-5368041631BF}.Debug|x86.Build.0 = Debug|Win32
		{30B61CB4-75B2-43E4-BC5C-5368041631BF}.Release|x64.ActiveCfg = Release|x64
		{30B61CB4-75B2-43E4-BC5C-5368041631BF}.Release|x64.Build.0 = Release|x64
		{30B61CB4-75B2-43E4-BC5C-5368041631BF}.Release|x86.ActiveCfg = Release|Win32
		{30B61CB4-75B2-43E4-BC5C-5368041631BF}.Release|x86.Build.0 = Release|Win32
	EndGlobalSection
	GlobalSection(SolutionProperties) = preSolution
		HideSolutionNode = FALSE
	EndGlobalSection
	GlobalSection(ExtensibilityGlobals) = postSolution
		SolutionGuid = {DD59CE17-03F6-4C56-9964-303304C2A782}
	EndGlobalSection
EndGlobal
